
Microsoft Visual Studio Solution File, Format Version 12.00
# Visual Studio 15
VisualStudioVersion = 15.0.27130.2027
MinimumVisualStudioVersion = 10.0.40219.1
Project("{9A19103F-16F7-4668-BE54-9A1E7A4F7556}") = "Prigitsk.Core", "Prigitsk.Core\Prigitsk.Core.csproj", "{B6A51AB9-2B61-49C7-B3D8-4AFEDE30220C}"
EndProject
Project("{9A19103F-16F7-4668-BE54-9A1E7A4F7556}") = "Prigitsk.Shared", "Prigitsk.Shared\Prigitsk.Shared.csproj", "{874A79BE-3D6E-426B-9A32-BA862558F6F1}"
EndProject
Project("{2150E333-8FDC-42A3-9474-1A3956D46DE8}") = "Tests", "Tests", "{4424EDE0-C65E-4730-9AA6-0B886F68F82E}"
EndProject
Project("{9A19103F-16F7-4668-BE54-9A1E7A4F7556}") = "Prigitsk.WebApi", "Prigitsk.WebApi\Prigitsk.WebApi.csproj", "{5F723B26-03F3-430E-906D-207FED2F9505}"
EndProject
Project("{FAE04EC0-301F-11D3-BF4B-00C04F79EFBC}") = "Prigitsk.Console", "Prigitsk.Console\Prigitsk.Console.csproj", "{1E6C2185-0EF1-4F09-BA5C-E6D29BDCEFBA}"
EndProject
Project("{2150E333-8FDC-42A3-9474-1A3956D46DE8}") = "Apps", "Apps", "{CE0D0B12-C2B0-4B9A-B68F-A30A932D3AFC}"
EndProject
Project("{2150E333-8FDC-42A3-9474-1A3956D46DE8}") = "Lib", "Lib", "{CCEA980B-922C-4E4D-8FEC-80F3E2F2BE1A}"
EndProject
Project("{FAE04EC0-301F-11D3-BF4B-00C04F79EFBC}") = "Prigitsk.Console.Tests", "Prigitsk.Console.Tests\Prigitsk.Console.Tests.csproj", "{A0C81004-20D6-4337-959B-1084D4FDDBF0}"
EndProject
Project("{9A19103F-16F7-4668-BE54-9A1E7A4F7556}") = "Prigitsk.WebApi.Tests", "Prigitsk.WebApi.Tests\Prigitsk.WebApi.Tests.csproj", "{6C645DBC-9803-421C-8096-A1C4E7684304}"
EndProject
Project("{9A19103F-16F7-4668-BE54-9A1E7A4F7556}") = "Prigitsk.Core.Interfaces", "Prigitsk.Core.Interfaces\Prigitsk.Core.Interfaces.csproj", "{1AEF4D1D-70EB-48CC-8B60-8592C71D5615}"
EndProject
Project("{9A19103F-16F7-4668-BE54-9A1E7A4F7556}") = "Prigitsk.Core.Graph", "Prigitsk.Core.Graph\Prigitsk.Core.Graph.csproj", "{FB765E3C-97C2-49D6-9E28-02E301CB4AD4}"
EndProject
Project("{9A19103F-16F7-4668-BE54-9A1E7A4F7556}") = "Prigitsk.Framework", "Prigitsk.Framework\Prigitsk.Framework.csproj", "{EF57B264-073F-4535-B996-877B2110794C}"
EndProject
Project("{FAE04EC0-301F-11D3-BF4B-00C04F79EFBC}") = "Prigitsk.Core.Tests", "Prigitsk.Core.Tests\Prigitsk.Core.Tests.csproj", "{E1D30432-F3D8-4E02-8F22-F60C29280138}"
EndProject
Project("{9A19103F-16F7-4668-BE54-9A1E7A4F7556}") = "Prigitsk.Framework.Interfaces", "Prigitsk.Framework.Interfaces\Prigitsk.Framework.Interfaces.csproj", "{173E192B-5555-46F3-A205-DBF51E540687}"
EndProject
Project("{9A19103F-16F7-4668-BE54-9A1E7A4F7556}") = "OrlovMikhail.GraphViz.Writing", "OrlovMikhail.GraphViz.Writing\OrlovMikhail.GraphViz.Writing.csproj", "{9660DBB4-5201-4FC3-A018-8E473F55B172}"
EndProject
Project("{9A19103F-16F7-4668-BE54-9A1E7A4F7556}") = "OrlovMikhail.Git.Abstractions", "OrlovMikhail.Git.Abstractions\OrlovMikhail.Git.Abstractions.csproj", "{B6EE367C-EAF4-41EA-80F8-E557615BF763}"
EndProject
Project("{9A19103F-16F7-4668-BE54-9A1E7A4F7556}") = "OrlovMikhail.Git.LibGit2Sharp", "OrlovMikhail.Git.LibGit2Sharp\OrlovMikhail.Git.LibGit2Sharp.csproj", "{FF726C95-F2DE-4EFF-AAFC-8A968F7DBE7C}"
EndProject
Project("{2150E333-8FDC-42A3-9474-1A3956D46DE8}") = "Framework", "Framework", "{F170A813-9A4D-4472-A3B3-CD2BC347515C}"
EndProject
Project("{2150E333-8FDC-42A3-9474-1A3956D46DE8}") = "Framework", "Framework", "{670D68B4-2C25-45A8-B4D4-61C11094406A}"
EndProject
Project("{2150E333-8FDC-42A3-9474-1A3956D46DE8}") = "Lib", "Lib", "{37568C3D-1517-4E90-92F4-73DEE391997D}"
EndProject
Project("{2150E333-8FDC-42A3-9474-1A3956D46DE8}") = "Apps", "Apps", "{043AD7EB-5892-4D6A-88C7-8FFA7A571AEB}"
EndProject
Project("{FAE04EC0-301F-11D3-BF4B-00C04F79EFBC}") = "OrlovMikhail.GraphViz.Writing.Tests", "OrlovMikhail.GraphViz.Writing.Tests\OrlovMikhail.GraphViz.Writing.Tests.csproj", "{D4DBD14B-F0DD-48BA-8827-D4472A1BD6A6}"
EndProject
Global
	GlobalSection(SolutionConfigurationPlatforms) = preSolution
		Debug|Any CPU = Debug|Any CPU
		Release|Any CPU = Release|Any CPU
	EndGlobalSection
	GlobalSection(ProjectConfigurationPlatforms) = postSolution
		{B6A51AB9-2B61-49C7-B3D8-4AFEDE30220C}.Debug|Any CPU.ActiveCfg = Debug|Any CPU
		{B6A51AB9-2B61-49C7-B3D8-4AFEDE30220C}.Debug|Any CPU.Build.0 = Debug|Any CPU
		{B6A51AB9-2B61-49C7-B3D8-4AFEDE30220C}.Release|Any CPU.ActiveCfg = Release|Any CPU
		{B6A51AB9-2B61-49C7-B3D8-4AFEDE30220C}.Release|Any CPU.Build.0 = Release|Any CPU
		{874A79BE-3D6E-426B-9A32-BA862558F6F1}.Debug|Any CPU.ActiveCfg = Debug|Any CPU
		{874A79BE-3D6E-426B-9A32-BA862558F6F1}.Debug|Any CPU.Build.0 = Debug|Any CPU
		{874A79BE-3D6E-426B-9A32-BA862558F6F1}.Release|Any CPU.ActiveCfg = Release|Any CPU
		{874A79BE-3D6E-426B-9A32-BA862558F6F1}.Release|Any CPU.Build.0 = Release|Any CPU
		{5F723B26-03F3-430E-906D-207FED2F9505}.Debug|Any CPU.ActiveCfg = Debug|Any CPU
		{5F723B26-03F3-430E-906D-207FED2F9505}.Debug|Any CPU.Build.0 = Debug|Any CPU
		{5F723B26-03F3-430E-906D-207FED2F9505}.Release|Any CPU.ActiveCfg = Release|Any CPU
		{5F723B26-03F3-430E-906D-207FED2F9505}.Release|Any CPU.Build.0 = Release|Any CPU
		{1E6C2185-0EF1-4F09-BA5C-E6D29BDCEFBA}.Debug|Any CPU.ActiveCfg = Debug|Any CPU
		{1E6C2185-0EF1-4F09-BA5C-E6D29BDCEFBA}.Debug|Any CPU.Build.0 = Debug|Any CPU
		{1E6C2185-0EF1-4F09-BA5C-E6D29BDCEFBA}.Release|Any CPU.ActiveCfg = Release|Any CPU
		{1E6C2185-0EF1-4F09-BA5C-E6D29BDCEFBA}.Release|Any CPU.Build.0 = Release|Any CPU
		{A0C81004-20D6-4337-959B-1084D4FDDBF0}.Debug|Any CPU.ActiveCfg = Debug|Any CPU
		{A0C81004-20D6-4337-959B-1084D4FDDBF0}.Debug|Any CPU.Build.0 = Debug|Any CPU
		{A0C81004-20D6-4337-959B-1084D4FDDBF0}.Release|Any CPU.ActiveCfg = Release|Any CPU
		{A0C81004-20D6-4337-959B-1084D4FDDBF0}.Release|Any CPU.Build.0 = Release|Any CPU
		{6C645DBC-9803-421C-8096-A1C4E7684304}.Debug|Any CPU.ActiveCfg = Debug|Any CPU
		{6C645DBC-9803-421C-8096-A1C4E7684304}.Debug|Any CPU.Build.0 = Debug|Any CPU
		{6C645DBC-9803-421C-8096-A1C4E7684304}.Release|Any CPU.ActiveCfg = Release|Any CPU
		{6C645DBC-9803-421C-8096-A1C4E7684304}.Release|Any CPU.Build.0 = Release|Any CPU
		{1AEF4D1D-70EB-48CC-8B60-8592C71D5615}.Debug|Any CPU.ActiveCfg = Debug|Any CPU
		{1AEF4D1D-70EB-48CC-8B60-8592C71D5615}.Debug|Any CPU.Build.0 = Debug|Any CPU
		{1AEF4D1D-70EB-48CC-8B60-8592C71D5615}.Release|Any CPU.ActiveCfg = Release|Any CPU
		{1AEF4D1D-70EB-48CC-8B60-8592C71D5615}.Release|Any CPU.Build.0 = Release|Any CPU
		{FB765E3C-97C2-49D6-9E28-02E301CB4AD4}.Debug|Any CPU.ActiveCfg = Debug|Any CPU
		{FB765E3C-97C2-49D6-9E28-02E301CB4AD4}.Debug|Any CPU.Build.0 = Debug|Any CPU
		{FB765E3C-97C2-49D6-9E28-02E301CB4AD4}.Release|Any CPU.ActiveCfg = Release|Any CPU
		{FB765E3C-97C2-49D6-9E28-02E301CB4AD4}.Release|Any CPU.Build.0 = Release|Any CPU
		{EF57B264-073F-4535-B996-877B2110794C}.Debug|Any CPU.ActiveCfg = Debug|Any CPU
		{EF57B264-073F-4535-B996-877B2110794C}.Debug|Any CPU.Build.0 = Debug|Any CPU
		{EF57B264-073F-4535-B996-877B2110794C}.Release|Any CPU.ActiveCfg = Release|Any CPU
		{EF57B264-073F-4535-B996-877B2110794C}.Release|Any CPU.Build.0 = Release|Any CPU
		{E1D30432-F3D8-4E02-8F22-F60C29280138}.Debug|Any CPU.ActiveCfg = Debug|Any CPU
		{E1D30432-F3D8-4E02-8F22-F60C29280138}.Debug|Any CPU.Build.0 = Debug|Any CPU
		{E1D30432-F3D8-4E02-8F22-F60C29280138}.Release|Any CPU.ActiveCfg = Release|Any CPU
		{E1D30432-F3D8-4E02-8F22-F60C29280138}.Release|Any CPU.Build.0 = Release|Any CPU
		{173E192B-5555-46F3-A205-DBF51E540687}.Debug|Any CPU.ActiveCfg = Debug|Any CPU
		{173E192B-5555-46F3-A205-DBF51E540687}.Debug|Any CPU.Build.0 = Debug|Any CPU
		{173E192B-5555-46F3-A205-DBF51E540687}.Release|Any CPU.ActiveCfg = Release|Any CPU
		{173E192B-5555-46F3-A205-DBF51E540687}.Release|Any CPU.Build.0 = Release|Any CPU
		{9660DBB4-5201-4FC3-A018-8E473F55B172}.Debug|Any CPU.ActiveCfg = Debug|Any CPU
		{9660DBB4-5201-4FC3-A018-8E473F55B172}.Debug|Any CPU.Build.0 = Debug|Any CPU
		{9660DBB4-5201-4FC3-A018-8E473F55B172}.Release|Any CPU.ActiveCfg = Release|Any CPU
		{9660DBB4-5201-4FC3-A018-8E473F55B172}.Release|Any CPU.Build.0 = Release|Any CPU
		{B6EE367C-EAF4-41EA-80F8-E557615BF763}.Debug|Any CPU.ActiveCfg = Debug|Any CPU
		{B6EE367C-EAF4-41EA-80F8-E557615BF763}.Debug|Any CPU.Build.0 = Debug|Any CPU
		{B6EE367C-EAF4-41EA-80F8-E557615BF763}.Release|Any CPU.ActiveCfg = Release|Any CPU
		{B6EE367C-EAF4-41EA-80F8-E557615BF763}.Release|Any CPU.Build.0 = Release|Any CPU
		{FF726C95-F2DE-4EFF-AAFC-8A968F7DBE7C}.Debug|Any CPU.ActiveCfg = Debug|Any CPU
		{FF726C95-F2DE-4EFF-AAFC-8A968F7DBE7C}.Debug|Any CPU.Build.0 = Debug|Any CPU
		{FF726C95-F2DE-4EFF-AAFC-8A968F7DBE7C}.Release|Any CPU.ActiveCfg = Release|Any CPU
		{FF726C95-F2DE-4EFF-AAFC-8A968F7DBE7C}.Release|Any CPU.Build.0 = Release|Any CPU
		{D4DBD14B-F0DD-48BA-8827-D4472A1BD6A6}.Debug|Any CPU.ActiveCfg = Debug|Any CPU
		{D4DBD14B-F0DD-48BA-8827-D4472A1BD6A6}.Debug|Any CPU.Build.0 = Debug|Any CPU
		{D4DBD14B-F0DD-48BA-8827-D4472A1BD6A6}.Release|Any CPU.ActiveCfg = Release|Any CPU
		{D4DBD14B-F0DD-48BA-8827-D4472A1BD6A6}.Release|Any CPU.Build.0 = Release|Any CPU
	EndGlobalSection
	GlobalSection(SolutionProperties) = preSolution
		HideSolutionNode = FALSE
	EndGlobalSection
	GlobalSection(NestedProjects) = preSolution
		{B6A51AB9-2B61-49C7-B3D8-4AFEDE30220C} = {CCEA980B-922C-4E4D-8FEC-80F3E2F2BE1A}
		{874A79BE-3D6E-426B-9A32-BA862558F6F1} = {CCEA980B-922C-4E4D-8FEC-80F3E2F2BE1A}
		{5F723B26-03F3-430E-906D-207FED2F9505} = {CE0D0B12-C2B0-4B9A-B68F-A30A932D3AFC}
		{1E6C2185-0EF1-4F09-BA5C-E6D29BDCEFBA} = {CE0D0B12-C2B0-4B9A-B68F-A30A932D3AFC}
		{A0C81004-20D6-4337-959B-1084D4FDDBF0} = {043AD7EB-5892-4D6A-88C7-8FFA7A571AEB}
		{6C645DBC-9803-421C-8096-A1C4E7684304} = {043AD7EB-5892-4D6A-88C7-8FFA7A571AEB}
		{1AEF4D1D-70EB-48CC-8B60-8592C71D5615} = {CCEA980B-922C-4E4D-8FEC-80F3E2F2BE1A}
		{FB765E3C-97C2-49D6-9E28-02E301CB4AD4} = {CCEA980B-922C-4E4D-8FEC-80F3E2F2BE1A}
		{EF57B264-073F-4535-B996-877B2110794C} = {F170A813-9A4D-4472-A3B3-CD2BC347515C}
		{E1D30432-F3D8-4E02-8F22-F60C29280138} = {37568C3D-1517-4E90-92F4-73DEE391997D}
		{173E192B-5555-46F3-A205-DBF51E540687} = {F170A813-9A4D-4472-A3B3-CD2BC347515C}
		{9660DBB4-5201-4FC3-A018-8E473F55B172} = {F170A813-9A4D-4472-A3B3-CD2BC347515C}
		{B6EE367C-EAF4-41EA-80F8-E557615BF763} = {F170A813-9A4D-4472-A3B3-CD2BC347515C}
		{FF726C95-F2DE-4EFF-AAFC-8A968F7DBE7C} = {F170A813-9A4D-4472-A3B3-CD2BC347515C}
		{670D68B4-2C25-45A8-B4D4-61C11094406A} = {4424EDE0-C65E-4730-9AA6-0B886F68F82E}
		{37568C3D-1517-4E90-92F4-73DEE391997D} = {4424EDE0-C65E-4730-9AA6-0B886F68F82E}
		{043AD7EB-5892-4D6A-88C7-8FFA7A571AEB} = {4424EDE0-C65E-4730-9AA6-0B886F68F82E}
		{D4DBD14B-F0DD-48BA-8827-D4472A1BD6A6} = {670D68B4-2C25-45A8-B4D4-61C11094406A}
	EndGlobalSection
	GlobalSection(ExtensibilityGlobals) = postSolution
		SolutionGuid = {F0BF1ADA-5CF8-498C-9A86-70CDB8394AD6}
	EndGlobalSection
EndGlobal
